
Microsoft Visual Studio Solution File, Format Version 12.00
# Visual Studio Version 17
VisualStudioVersion = 17.7.34009.444
MinimumVisualStudioVersion = 10.0.40219.1
Project("{FAE04EC0-301F-11D3-BF4B-00C04F79EFBC}") = "PraktRab10.2", "PraktRab10.2\PraktRab10.2.csproj", "{C91EFCBB-1399-4B39-B65A-6974271C85B9}"
EndProject
Global
	GlobalSection(SolutionConfigurationPlatforms) = preSolution
		Debug|Any CPU = Debug|Any CPU
		Release|Any CPU = Release|Any CPU
	EndGlobalSection
	GlobalSection(ProjectConfigurationPlatforms) = postSolution
		{C91EFCBB-1399-4B39-B65A-6974271C85B9}.Debug|Any CPU.ActiveCfg = Debug|Any CPU
		{C91EFCBB-1399-4B39-B65A-6974271C85B9}.Debug|Any CPU.Build.0 = Debug|Any CPU
		{C91EFCBB-1399-4B39-B65A-6974271C85B9}.Release|Any CPU.ActiveCfg = Release|Any CPU
		{C91EFCBB-1399-4B39-B65A-6974271C85B9}.Release|Any CPU.Build.0 = Release|Any CPU
	EndGlobalSection
	GlobalSection(SolutionProperties) = preSolution
		HideSolutionNode = FALSE
	EndGlobalSection
	GlobalSection(ExtensibilityGlobals) = postSolution
		SolutionGuid = {F78C08FC-E203-4CFF-B645-A60923DFA0FE}
	EndGlobalSection
EndGlobal
